
Microsoft Visual Studio Solution File, Format Version 12.00
# Visual Studio Version 17
VisualStudioVersion = 17.5.002.0
MinimumVisualStudioVersion = 10.0.40219.1
Project("{9A19103F-16F7-4668-BE54-9A1E7A4F7556}") = "day1-memoization", "day1-memoization\day1-memoization.csproj", "{8F34F3D2-CEB0-4991-83C4-DAEA563CD4F2}"
EndProject
Project("{9A19103F-16F7-4668-BE54-9A1E7A4F7556}") = "day2-linq", "day2-linq\day2-linq.csproj", "{632344AF-C6C2-45E7-8361-F1795B089347}"
EndProject
Project("{9A19103F-16F7-4668-BE54-9A1E7A4F7556}") = "day3-fsm", "day3-fsm\day3-fsm.csproj", "{B186DF8C-DF8B-40CC-A5CA-96C17734971F}"
EndProject
Global
	GlobalSection(SolutionConfigurationPlatforms) = preSolution
		Debug|Any CPU = Debug|Any CPU
		Release|Any CPU = Release|Any CPU
	EndGlobalSection
	GlobalSection(ProjectConfigurationPlatforms) = postSolution
		{8F34F3D2-CEB0-4991-83C4-DAEA563CD4F2}.Debug|Any CPU.ActiveCfg = Debug|Any CPU
		{8F34F3D2-CEB0-4991-83C4-DAEA563CD4F2}.Debug|Any CPU.Build.0 = Debug|Any CPU
		{8F34F3D2-CEB0-4991-83C4-DAEA563CD4F2}.Release|Any CPU.ActiveCfg = Release|Any CPU
		{8F34F3D2-CEB0-4991-83C4-DAEA563CD4F2}.Release|Any CPU.Build.0 = Release|Any CPU
		{632344AF-C6C2-45E7-8361-F1795B089347}.Debug|Any CPU.ActiveCfg = Debug|Any CPU
		{632344AF-C6C2-45E7-8361-F1795B089347}.Debug|Any CPU.Build.0 = Debug|Any CPU
		{632344AF-C6C2-45E7-8361-F1795B089347}.Release|Any CPU.ActiveCfg = Release|Any CPU
		{632344AF-C6C2-45E7-8361-F1795B089347}.Release|Any CPU.Build.0 = Release|Any CPU
		{B186DF8C-DF8B-40CC-A5CA-96C17734971F}.Debug|Any CPU.ActiveCfg = Debug|Any CPU
		{B186DF8C-DF8B-40CC-A5CA-96C17734971F}.Debug|Any CPU.Build.0 = Debug|Any CPU
		{B186DF8C-DF8B-40CC-A5CA-96C17734971F}.Release|Any CPU.ActiveCfg = Release|Any CPU
		{B186DF8C-DF8B-40CC-A5CA-96C17734971F}.Release|Any CPU.Build.0 = Release|Any CPU
	EndGlobalSection
	GlobalSection(SolutionProperties) = preSolution
		HideSolutionNode = FALSE
	EndGlobalSection
	GlobalSection(ExtensibilityGlobals) = postSolution
		SolutionGuid = {EAB8DB2D-9EF8-412F-8C4D-08F09653F961}
	EndGlobalSection
EndGlobal
