
Microsoft Visual Studio Solution File, Format Version 12.00
# Visual Studio Version 17
VisualStudioVersion = 17.5.002.0
MinimumVisualStudioVersion = 10.0.40219.1
Project("{9A19103F-16F7-4668-BE54-9A1E7A4F7556}") = "day1-memoization", "day1-memoization.csproj", "{27664BA9-F3D8-46DB-80B8-09639C5C8EC7}"
EndProject
Global
	GlobalSection(SolutionConfigurationPlatforms) = preSolution
		Debug|Any CPU = Debug|Any CPU
		Release|Any CPU = Release|Any CPU
	EndGlobalSection
	GlobalSection(ProjectConfigurationPlatforms) = postSolution
		{27664BA9-F3D8-46DB-80B8-09639C5C8EC7}.Debug|Any CPU.ActiveCfg = Debug|Any CPU
		{27664BA9-F3D8-46DB-80B8-09639C5C8EC7}.Debug|Any CPU.Build.0 = Debug|Any CPU
		{27664BA9-F3D8-46DB-80B8-09639C5C8EC7}.Release|Any CPU.ActiveCfg = Release|Any CPU
		{27664BA9-F3D8-46DB-80B8-09639C5C8EC7}.Release|Any CPU.Build.0 = Release|Any CPU
	EndGlobalSection
	GlobalSection(SolutionProperties) = preSolution
		HideSolutionNode = FALSE
	EndGlobalSection
	GlobalSection(ExtensibilityGlobals) = postSolution
		SolutionGuid = {B0BF8EF8-28DA-4913-A88D-AF59D2B317FB}
	EndGlobalSection
EndGlobal
